// !$*UTF8*$!
{
	archiveVersion = 1;
	classes = {
	};
	objectVersion = 77;
	objects = {

/* Begin PBXBuildFile section */
		096F59FD101A26AEF5B4131E /* GameRuntimes.swift in Sources */ = {isa = PBXBuildFile; fileRef = 2E6B9C7DB0515F5B24ACE4A3 /* GameRuntimes.swift */; };
		0A8D9611DF311DF4E859755C /* NearbyTransportTests.swift in Sources */ = {isa = PBXBuildFile; fileRef = 77BC19BD6FE1EA1EF67299B8 /* NearbyTransportTests.swift */; };
		121B3A0A818BE0B2DADD296E /* AppleNearbyTransport.swift in Sources */ = {isa = PBXBuildFile; fileRef = 1C8705C69212E037201F8587 /* AppleNearbyTransport.swift */; };
		19830E438962EAA3B891192E /* PackDetailView.swift in Sources */ = {isa = PBXBuildFile; fileRef = F78FEA2F7E1D9719502D8AF1 /* PackDetailView.swift */; };
		24EABC1AE5E081219A17EB82 /* AppTheme.swift in Sources */ = {isa = PBXBuildFile; fileRef = 2C0B3AEFD691126BEB5E2136 /* AppTheme.swift */; };
		3E4C12E62409AECB6EB7EC00 /* CardsiOSApp.swift in Sources */ = {isa = PBXBuildFile; fileRef = FBE536BA2E6620555B95D974 /* CardsiOSApp.swift */; };
		41811FE1413C78846A2867A4 /* RootView.swift in Sources */ = {isa = PBXBuildFile; fileRef = 1B8C111DC7F42CDF421D982C /* RootView.swift */; };
		45976F71BE3E2F3DDB688A34 /* NearbyTransport.swift in Sources */ = {isa = PBXBuildFile; fileRef = D2B6E5E6CC4598FD2C45CBBF /* NearbyTransport.swift */; };
		47AFD3ACB253295097F86C2B /* GameSession.swift in Sources */ = {isa = PBXBuildFile; fileRef = 1235CCFA06BF1FE587FC4D77 /* GameSession.swift */; };
		48B3EDD91E1FBE6BEE9A4A83 /* CustomGameRuntimeView.swift in Sources */ = {isa = PBXBuildFile; fileRef = AED68690C47A03BD383DDE17 /* CustomGameRuntimeView.swift */; };
		560710217367EE752A21C8F8 /* ShopView.swift in Sources */ = {isa = PBXBuildFile; fileRef = 79EE95A532797CC934CFBCAD /* ShopView.swift */; };
		5CAF6395DA6D1F197F5C2D48 /* GameSessionTests.swift in Sources */ = {isa = PBXBuildFile; fileRef = 09A5D6BDF63E934918504B23 /* GameSessionTests.swift */; };
		6A5217969DCB705413A0F53C /* Models.swift in Sources */ = {isa = PBXBuildFile; fileRef = 134053370B6367E2F434AB49 /* Models.swift */; };
		878B2035A033911D1E938A47 /* HomeView.swift in Sources */ = {isa = PBXBuildFile; fileRef = B962AC39D27E6786A9191286 /* HomeView.swift */; };
		994D019777A790DFC8313ADD /* MultiplayerEngine.swift in Sources */ = {isa = PBXBuildFile; fileRef = 04228096151C2A56D0C31A93 /* MultiplayerEngine.swift */; };
		A8F412381E419AF4C520082F /* CreatorView.swift in Sources */ = {isa = PBXBuildFile; fileRef = D14A95AEE25B417D778A1A2B /* CreatorView.swift */; };
		B3D065BFE0E38D5BE54C3670 /* MultiplayerEngineTests.swift in Sources */ = {isa = PBXBuildFile; fileRef = ABED054878F396E69A2E8A77 /* MultiplayerEngineTests.swift */; };
		B5D3842241F2B945E1536F2D /* GameDraftInterpreterTests.swift in Sources */ = {isa = PBXBuildFile; fileRef = 49BBBA34E6A739314FC6B1BE /* GameDraftInterpreterTests.swift */; };
		B83F3A1CDDB99C6EC2D8C878 /* PackStore.swift in Sources */ = {isa = PBXBuildFile; fileRef = 82A4388CE59393D107D0B6E3 /* PackStore.swift */; };
		C1BD8C2A0C5F868FEBB1EC55 /* ARTableModeView.swift in Sources */ = {isa = PBXBuildFile; fileRef = FCCF243DC9A605B7704EF676 /* ARTableModeView.swift */; };
		C1F17FDDCBE19EEC56774A3E /* GameRoomWire.swift in Sources */ = {isa = PBXBuildFile; fileRef = DBD739F0B2F502A663642667 /* GameRoomWire.swift */; };
		D53774F2EF9EB323EE25C37F /* GameRoomWireTests.swift in Sources */ = {isa = PBXBuildFile; fileRef = 501D9298FC09A1AA6C619FF4 /* GameRoomWireTests.swift */; };
		D941CD26AF3267C6EA3DB2A0 /* GameRuntimeTests.swift in Sources */ = {isa = PBXBuildFile; fileRef = 1806E50BA009E43DCC60A310 /* GameRuntimeTests.swift */; };
		E25D8079A93985E599A77F9B /* LibraryView.swift in Sources */ = {isa = PBXBuildFile; fileRef = 791C10C195794C2CCD0BF939 /* LibraryView.swift */; };
		E52D30321351A78B83FC9F58 /* NearbyTableSession.swift in Sources */ = {isa = PBXBuildFile; fileRef = F25D6126F94651B8D0723B85 /* NearbyTableSession.swift */; };
		E726D82B23589B0468274570 /* GameDraftInterpreter.swift in Sources */ = {isa = PBXBuildFile; fileRef = 8B5766858D5BFE672457971C /* GameDraftInterpreter.swift */; };
		EDB474DC408068AAD5FD233B /* MultiplayerModels.swift in Sources */ = {isa = PBXBuildFile; fileRef = A9FA368EFC4AAAD601CF4BC3 /* MultiplayerModels.swift */; };
		F552729F3A9278134EEF80F1 /* LiveTableView.swift in Sources */ = {isa = PBXBuildFile; fileRef = 454369D312DC6D3A154BE456 /* LiveTableView.swift */; };
		FF098F7D26F86993749F65F4 /* GameSessionView.swift in Sources */ = {isa = PBXBuildFile; fileRef = 41CCFC33291F18D4B160A914 /* GameSessionView.swift */; };
/* End PBXBuildFile section */

/* Begin PBXContainerItemProxy section */
		4FC9FE6E40E8EA8D5A90C20B /* PBXContainerItemProxy */ = {
			isa = PBXContainerItemProxy;
			containerPortal = 8357D2B2D8BFE1F456F3A8D2 /* Project object */;
			proxyType = 1;
			remoteGlobalIDString = 82BFAB60D281CF001D14A363;
			remoteInfo = CardsiOS;
		};
/* End PBXContainerItemProxy section */

/* Begin PBXFileReference section */
		04228096151C2A56D0C31A93 /* MultiplayerEngine.swift */ = {isa = PBXFileReference; lastKnownFileType = sourcecode.swift; path = MultiplayerEngine.swift; sourceTree = "<group>"; };
		09A5D6BDF63E934918504B23 /* GameSessionTests.swift */ = {isa = PBXFileReference; lastKnownFileType = sourcecode.swift; path = GameSessionTests.swift; sourceTree = "<group>"; };
		1235CCFA06BF1FE587FC4D77 /* GameSession.swift */ = {isa = PBXFileReference; lastKnownFileType = sourcecode.swift; path = GameSession.swift; sourceTree = "<group>"; };
		134053370B6367E2F434AB49 /* Models.swift */ = {isa = PBXFileReference; lastKnownFileType = sourcecode.swift; path = Models.swift; sourceTree = "<group>"; };
		1806E50BA009E43DCC60A310 /* GameRuntimeTests.swift */ = {isa = PBXFileReference; lastKnownFileType = sourcecode.swift; path = GameRuntimeTests.swift; sourceTree = "<group>"; };
		1880DCB362CE32108379444F /* CardsiOS.app */ = {isa = PBXFileReference; includeInIndex = 0; lastKnownFileType = wrapper.application; path = CardsiOS.app; sourceTree = BUILT_PRODUCTS_DIR; };
		1B8C111DC7F42CDF421D982C /* RootView.swift */ = {isa = PBXFileReference; lastKnownFileType = sourcecode.swift; path = RootView.swift; sourceTree = "<group>"; };
		1C8705C69212E037201F8587 /* AppleNearbyTransport.swift */ = {isa = PBXFileReference; lastKnownFileType = sourcecode.swift; path = AppleNearbyTransport.swift; sourceTree = "<group>"; };
		1F4A75C2A75CB77C16FE570C /* CardsiOSTests.xctest */ = {isa = PBXFileReference; includeInIndex = 0; lastKnownFileType = wrapper.cfbundle; path = CardsiOSTests.xctest; sourceTree = BUILT_PRODUCTS_DIR; };
		2C0B3AEFD691126BEB5E2136 /* AppTheme.swift */ = {isa = PBXFileReference; lastKnownFileType = sourcecode.swift; path = AppTheme.swift; sourceTree = "<group>"; };
		2E6B9C7DB0515F5B24ACE4A3 /* GameRuntimes.swift */ = {isa = PBXFileReference; lastKnownFileType = sourcecode.swift; path = GameRuntimes.swift; sourceTree = "<group>"; };
		41CCFC33291F18D4B160A914 /* GameSessionView.swift */ = {isa = PBXFileReference; lastKnownFileType = sourcecode.swift; path = GameSessionView.swift; sourceTree = "<group>"; };
		454369D312DC6D3A154BE456 /* LiveTableView.swift */ = {isa = PBXFileReference; lastKnownFileType = sourcecode.swift; path = LiveTableView.swift; sourceTree = "<group>"; };
		49BBBA34E6A739314FC6B1BE /* GameDraftInterpreterTests.swift */ = {isa = PBXFileReference; lastKnownFileType = sourcecode.swift; path = GameDraftInterpreterTests.swift; sourceTree = "<group>"; };
		501D9298FC09A1AA6C619FF4 /* GameRoomWireTests.swift */ = {isa = PBXFileReference; lastKnownFileType = sourcecode.swift; path = GameRoomWireTests.swift; sourceTree = "<group>"; };
		6A48665E88B6AA1724ECC941 /* Info.plist */ = {isa = PBXFileReference; lastKnownFileType = text.plist; path = Info.plist; sourceTree = "<group>"; };
		77BC19BD6FE1EA1EF67299B8 /* NearbyTransportTests.swift */ = {isa = PBXFileReference; lastKnownFileType = sourcecode.swift; path = NearbyTransportTests.swift; sourceTree = "<group>"; };
		791C10C195794C2CCD0BF939 /* LibraryView.swift */ = {isa = PBXFileReference; lastKnownFileType = sourcecode.swift; path = LibraryView.swift; sourceTree = "<group>"; };
		79EE95A532797CC934CFBCAD /* ShopView.swift */ = {isa = PBXFileReference; lastKnownFileType = sourcecode.swift; path = ShopView.swift; sourceTree = "<group>"; };
		82A4388CE59393D107D0B6E3 /* PackStore.swift */ = {isa = PBXFileReference; lastKnownFileType = sourcecode.swift; path = PackStore.swift; sourceTree = "<group>"; };
		8B5766858D5BFE672457971C /* GameDraftInterpreter.swift */ = {isa = PBXFileReference; lastKnownFileType = sourcecode.swift; path = GameDraftInterpreter.swift; sourceTree = "<group>"; };
		A9FA368EFC4AAAD601CF4BC3 /* MultiplayerModels.swift */ = {isa = PBXFileReference; lastKnownFileType = sourcecode.swift; path = MultiplayerModels.swift; sourceTree = "<group>"; };
		ABED054878F396E69A2E8A77 /* MultiplayerEngineTests.swift */ = {isa = PBXFileReference; lastKnownFileType = sourcecode.swift; path = MultiplayerEngineTests.swift; sourceTree = "<group>"; };
		AED68690C47A03BD383DDE17 /* CustomGameRuntimeView.swift */ = {isa = PBXFileReference; lastKnownFileType = sourcecode.swift; path = CustomGameRuntimeView.swift; sourceTree = "<group>"; };
		B962AC39D27E6786A9191286 /* HomeView.swift */ = {isa = PBXFileReference; lastKnownFileType = sourcecode.swift; path = HomeView.swift; sourceTree = "<group>"; };
		D14A95AEE25B417D778A1A2B /* CreatorView.swift */ = {isa = PBXFileReference; lastKnownFileType = sourcecode.swift; path = CreatorView.swift; sourceTree = "<group>"; };
		D2B6E5E6CC4598FD2C45CBBF /* NearbyTransport.swift */ = {isa = PBXFileReference; lastKnownFileType = sourcecode.swift; path = NearbyTransport.swift; sourceTree = "<group>"; };
		DBD739F0B2F502A663642667 /* GameRoomWire.swift */ = {isa = PBXFileReference; lastKnownFileType = sourcecode.swift; path = GameRoomWire.swift; sourceTree = "<group>"; };
		F25D6126F94651B8D0723B85 /* NearbyTableSession.swift */ = {isa = PBXFileReference; lastKnownFileType = sourcecode.swift; path = NearbyTableSession.swift; sourceTree = "<group>"; };
		F78FEA2F7E1D9719502D8AF1 /* PackDetailView.swift */ = {isa = PBXFileReference; lastKnownFileType = sourcecode.swift; path = PackDetailView.swift; sourceTree = "<group>"; };
		FBE536BA2E6620555B95D974 /* CardsiOSApp.swift */ = {isa = PBXFileReference; lastKnownFileType = sourcecode.swift; path = CardsiOSApp.swift; sourceTree = "<group>"; };
		FCCF243DC9A605B7704EF676 /* ARTableModeView.swift */ = {isa = PBXFileReference; lastKnownFileType = sourcecode.swift; path = ARTableModeView.swift; sourceTree = "<group>"; };
/* End PBXFileReference section */

/* Begin PBXGroup section */
		282EFB6ED2CA09F1C80AB3FB /* CardsiOSTests */ = {
			isa = PBXGroup;
			children = (
				49BBBA34E6A739314FC6B1BE /* GameDraftInterpreterTests.swift */,
				501D9298FC09A1AA6C619FF4 /* GameRoomWireTests.swift */,
				1806E50BA009E43DCC60A310 /* GameRuntimeTests.swift */,
				09A5D6BDF63E934918504B23 /* GameSessionTests.swift */,
				ABED054878F396E69A2E8A77 /* MultiplayerEngineTests.swift */,
				77BC19BD6FE1EA1EF67299B8 /* NearbyTransportTests.swift */,
			);
			path = CardsiOSTests;
			sourceTree = "<group>";
		};
		963E839381D9A3D1236BF02F = {
			isa = PBXGroup;
			children = (
				DE559902B784E4F4951A3EEF /* CardsiOS */,
				282EFB6ED2CA09F1C80AB3FB /* CardsiOSTests */,
				B1FE1B9A1AE3C39EF4489C36 /* Products */,
			);
			sourceTree = "<group>";
		};
		B1FE1B9A1AE3C39EF4489C36 /* Products */ = {
			isa = PBXGroup;
			children = (
				1880DCB362CE32108379444F /* CardsiOS.app */,
				1F4A75C2A75CB77C16FE570C /* CardsiOSTests.xctest */,
			);
			name = Products;
			sourceTree = "<group>";
		};
		DE559902B784E4F4951A3EEF /* CardsiOS */ = {
			isa = PBXGroup;
			children = (
				1C8705C69212E037201F8587 /* AppleNearbyTransport.swift */,
				2C0B3AEFD691126BEB5E2136 /* AppTheme.swift */,
				FCCF243DC9A605B7704EF676 /* ARTableModeView.swift */,
				FBE536BA2E6620555B95D974 /* CardsiOSApp.swift */,
				D14A95AEE25B417D778A1A2B /* CreatorView.swift */,
				AED68690C47A03BD383DDE17 /* CustomGameRuntimeView.swift */,
				8B5766858D5BFE672457971C /* GameDraftInterpreter.swift */,
				DBD739F0B2F502A663642667 /* GameRoomWire.swift */,
				2E6B9C7DB0515F5B24ACE4A3 /* GameRuntimes.swift */,
				1235CCFA06BF1FE587FC4D77 /* GameSession.swift */,
				41CCFC33291F18D4B160A914 /* GameSessionView.swift */,
				B962AC39D27E6786A9191286 /* HomeView.swift */,
				6A48665E88B6AA1724ECC941 /* Info.plist */,
				791C10C195794C2CCD0BF939 /* LibraryView.swift */,
				454369D312DC6D3A154BE456 /* LiveTableView.swift */,
				134053370B6367E2F434AB49 /* Models.swift */,
				04228096151C2A56D0C31A93 /* MultiplayerEngine.swift */,
				A9FA368EFC4AAAD601CF4BC3 /* MultiplayerModels.swift */,
				F25D6126F94651B8D0723B85 /* NearbyTableSession.swift */,
				D2B6E5E6CC4598FD2C45CBBF /* NearbyTransport.swift */,
				F78FEA2F7E1D9719502D8AF1 /* PackDetailView.swift */,
				82A4388CE59393D107D0B6E3 /* PackStore.swift */,
				1B8C111DC7F42CDF421D982C /* RootView.swift */,
				79EE95A532797CC934CFBCAD /* ShopView.swift */,
			);
			path = CardsiOS;
			sourceTree = "<group>";
		};
/* End PBXGroup section */

/* Begin PBXNativeTarget section */
		82BFAB60D281CF001D14A363 /* CardsiOS */ = {
			isa = PBXNativeTarget;
			buildConfigurationList = DE06A053D8A34118646BE58B /* Build configuration list for PBXNativeTarget "CardsiOS" */;
			buildPhases = (
				11559EC1694599339646B389 /* Sources */,
			);
			buildRules = (
			);
			dependencies = (
			);
			name = CardsiOS;
			packageProductDependencies = (
			);
			productName = CardsiOS;
			productReference = 1880DCB362CE32108379444F /* CardsiOS.app */;
			productType = "com.apple.product-type.application";
		};
		C9C18FAF7838FC79539FB75F /* CardsiOSTests */ = {
			isa = PBXNativeTarget;
			buildConfigurationList = B840EA2869EE6ECC404B0EDE /* Build configuration list for PBXNativeTarget "CardsiOSTests" */;
			buildPhases = (
				DED67C5675D473A180CB6ED3 /* Sources */,
			);
			buildRules = (
			);
			dependencies = (
				EEF27D530AA82CF83A28C2E2 /* PBXTargetDependency */,
			);
			name = CardsiOSTests;
			packageProductDependencies = (
			);
			productName = CardsiOSTests;
			productReference = 1F4A75C2A75CB77C16FE570C /* CardsiOSTests.xctest */;
			productType = "com.apple.product-type.bundle.unit-test";
		};
/* End PBXNativeTarget section */

/* Begin PBXProject section */
		8357D2B2D8BFE1F456F3A8D2 /* Project object */ = {
			isa = PBXProject;
			attributes = {
				BuildIndependentTargetsInParallel = YES;
				LastUpgradeCheck = 1430;
				TargetAttributes = {
				};
			};
			buildConfigurationList = 37A19E10DB29EE22AF6E1BF5 /* Build configuration list for PBXProject "CardsiOS" */;
			developmentRegion = en;
			hasScannedForEncodings = 0;
			knownRegions = (
				Base,
				en,
			);
			mainGroup = 963E839381D9A3D1236BF02F;
			minimizedProjectReferenceProxies = 1;
			preferredProjectObjectVersion = 77;
			productRefGroup = B1FE1B9A1AE3C39EF4489C36 /* Products */;
			projectDirPath = "";
			projectRoot = "";
			targets = (
				82BFAB60D281CF001D14A363 /* CardsiOS */,
				C9C18FAF7838FC79539FB75F /* CardsiOSTests */,
			);
		};
/* End PBXProject section */

/* Begin PBXSourcesBuildPhase section */
		11559EC1694599339646B389 /* Sources */ = {
			isa = PBXSourcesBuildPhase;
			buildActionMask = 2147483647;
			files = (
				C1BD8C2A0C5F868FEBB1EC55 /* ARTableModeView.swift in Sources */,
				24EABC1AE5E081219A17EB82 /* AppTheme.swift in Sources */,
				121B3A0A818BE0B2DADD296E /* AppleNearbyTransport.swift in Sources */,
				3E4C12E62409AECB6EB7EC00 /* CardsiOSApp.swift in Sources */,
				A8F412381E419AF4C520082F /* CreatorView.swift in Sources */,
				48B3EDD91E1FBE6BEE9A4A83 /* CustomGameRuntimeView.swift in Sources */,
				E726D82B23589B0468274570 /* GameDraftInterpreter.swift in Sources */,
				C1F17FDDCBE19EEC56774A3E /* GameRoomWire.swift in Sources */,
				096F59FD101A26AEF5B4131E /* GameRuntimes.swift in Sources */,
				47AFD3ACB253295097F86C2B /* GameSession.swift in Sources */,
				FF098F7D26F86993749F65F4 /* GameSessionView.swift in Sources */,
				878B2035A033911D1E938A47 /* HomeView.swift in Sources */,
				E25D8079A93985E599A77F9B /* LibraryView.swift in Sources */,
				F552729F3A9278134EEF80F1 /* LiveTableView.swift in Sources */,
				6A5217969DCB705413A0F53C /* Models.swift in Sources */,
				994D019777A790DFC8313ADD /* MultiplayerEngine.swift in Sources */,
				EDB474DC408068AAD5FD233B /* MultiplayerModels.swift in Sources */,
				E52D30321351A78B83FC9F58 /* NearbyTableSession.swift in Sources */,
				45976F71BE3E2F3DDB688A34 /* NearbyTransport.swift in Sources */,
				19830E438962EAA3B891192E /* PackDetailView.swift in Sources */,
				B83F3A1CDDB99C6EC2D8C878 /* PackStore.swift in Sources */,
				41811FE1413C78846A2867A4 /* RootView.swift in Sources */,
				560710217367EE752A21C8F8 /* ShopView.swift in Sources */,
			);
			runOnlyForDeploymentPostprocessing = 0;
		};
		DED67C5675D473A180CB6ED3 /* Sources */ = {
			isa = PBXSourcesBuildPhase;
			buildActionMask = 2147483647;
			files = (
				B5D3842241F2B945E1536F2D /* GameDraftInterpreterTests.swift in Sources */,
				D53774F2EF9EB323EE25C37F /* GameRoomWireTests.swift in Sources */,
				D941CD26AF3267C6EA3DB2A0 /* GameRuntimeTests.swift in Sources */,
				5CAF6395DA6D1F197F5C2D48 /* GameSessionTests.swift in Sources */,
				B3D065BFE0E38D5BE54C3670 /* MultiplayerEngineTests.swift in Sources */,
				0A8D9611DF311DF4E859755C /* NearbyTransportTests.swift in Sources */,
			);
			runOnlyForDeploymentPostprocessing = 0;
		};
/* End PBXSourcesBuildPhase section */

/* Begin PBXTargetDependency section */
		EEF27D530AA82CF83A28C2E2 /* PBXTargetDependency */ = {
			isa = PBXTargetDependency;
			target = 82BFAB60D281CF001D14A363 /* CardsiOS */;
			targetProxy = 4FC9FE6E40E8EA8D5A90C20B /* PBXContainerItemProxy */;
		};
/* End PBXTargetDependency section */

/* Begin XCBuildConfiguration section */
		02906BB7EAC4FB582675F9F3 /* Debug */ = {
			isa = XCBuildConfiguration;
			buildSettings = {
				BUNDLE_LOADER = "$(TEST_HOST)";
				GENERATE_INFOPLIST_FILE = YES;
				LD_RUNPATH_SEARCH_PATHS = (
					"$(inherited)",
					"@executable_path/Frameworks",
					"@loader_path/Frameworks",
				);
				PRODUCT_BUNDLE_IDENTIFIER = com.jakkuazzo.cardsios.tests;
				SDKROOT = iphoneos;
				SWIFT_VERSION = 5.0;
				TARGETED_DEVICE_FAMILY = "1,2";
				TEST_HOST = "$(BUILT_PRODUCTS_DIR)/CardsiOS.app/CardsiOS";
			};
			name = Debug;
		};
		09B7619A23A501C34F325148 /* Release */ = {
			isa = XCBuildConfiguration;
			buildSettings = {
				BUNDLE_LOADER = "$(TEST_HOST)";
				GENERATE_INFOPLIST_FILE = YES;
				LD_RUNPATH_SEARCH_PATHS = (
					"$(inherited)",
					"@executable_path/Frameworks",
					"@loader_path/Frameworks",
				);
				PRODUCT_BUNDLE_IDENTIFIER = com.jakkuazzo.cardsios.tests;
				SDKROOT = iphoneos;
				SWIFT_VERSION = 5.0;
				TARGETED_DEVICE_FAMILY = "1,2";
				TEST_HOST = "$(BUILT_PRODUCTS_DIR)/CardsiOS.app/CardsiOS";
			};
			name = Release;
		};
		BDE015FCE5D47EEAD7453EB6 /* Debug */ = {
			isa = XCBuildConfiguration;
			buildSettings = {
				ASSETCATALOG_COMPILER_APPICON_NAME = AppIcon;
				CODE_SIGN_IDENTITY = "iPhone Developer";
				GENERATE_INFOPLIST_FILE = NO;
				INFOPLIST_FILE = CardsiOS/Info.plist;
				LD_RUNPATH_SEARCH_PATHS = (
					"$(inherited)",
					"@executable_path/Frameworks",
				);
				PRODUCT_BUNDLE_IDENTIFIER = com.jakkuazzo.cardsios;
				SDKROOT = iphoneos;
				SWIFT_VERSION = 5.0;
				TARGETED_DEVICE_FAMILY = "1,2";
			};
			name = Debug;
		};
		CAB4324245A272D4745B3A54 /* Debug */ = {
			isa = XCBuildConfiguration;
			buildSettings = {
				ALWAYS_SEARCH_USER_PATHS = NO;
				CLANG_ANALYZER_NONNULL = YES;
				CLANG_ANALYZER_NUMBER_OBJECT_CONVERSION = YES_AGGRESSIVE;
				CLANG_CXX_LANGUAGE_STANDARD = "gnu++14";
				CLANG_CXX_LIBRARY = "libc++";
				CLANG_ENABLE_MODULES = YES;
				CLANG_ENABLE_OBJC_ARC = YES;
				CLANG_ENABLE_OBJC_WEAK = YES;
				CLANG_WARN_BLOCK_CAPTURE_AUTORELEASING = YES;
				CLANG_WARN_BOOL_CONVERSION = YES;
				CLANG_WARN_COMMA = YES;
				CLANG_WARN_CONSTANT_CONVERSION = YES;
				CLANG_WARN_DEPRECATED_OBJC_IMPLEMENTATIONS = YES;
				CLANG_WARN_DIRECT_OBJC_ISA_USAGE = YES_ERROR;
				CLANG_WARN_DOCUMENTATION_COMMENTS = YES;
				CLANG_WARN_EMPTY_BODY = YES;
				CLANG_WARN_ENUM_CONVERSION = YES;
				CLANG_WARN_INFINITE_RECURSION = YES;
				CLANG_WARN_INT_CONVERSION = YES;
				CLANG_WARN_NON_LITERAL_NULL_CONVERSION = YES;
				CLANG_WARN_OBJC_IMPLICIT_RETAIN_SELF = YES;
				CLANG_WARN_OBJC_LITERAL_CONVERSION = YES;
				CLANG_WARN_OBJC_ROOT_CLASS = YES_ERROR;
				CLANG_WARN_QUOTED_INCLUDE_IN_FRAMEWORK_HEADER = YES;
				CLANG_WARN_RANGE_LOOP_ANALYSIS = YES;
				CLANG_WARN_STRICT_PROTOTYPES = YES;
				CLANG_WARN_SUSPICIOUS_MOVE = YES;
				CLANG_WARN_UNGUARDED_AVAILABILITY = YES_AGGRESSIVE;
				CLANG_WARN_UNREACHABLE_CODE = YES;
				CLANG_WARN__DUPLICATE_METHOD_MATCH = YES;
				COPY_PHASE_STRIP = NO;
				DEBUG_INFORMATION_FORMAT = dwarf;
				ENABLE_STRICT_OBJC_MSGSEND = YES;
				ENABLE_TESTABILITY = YES;
				GCC_C_LANGUAGE_STANDARD = gnu11;
				GCC_DYNAMIC_NO_PIC = NO;
				GCC_NO_COMMON_BLOCKS = YES;
				GCC_OPTIMIZATION_LEVEL = 0;
				GCC_PREPROCESSOR_DEFINITIONS = (
					"$(inherited)",
					"DEBUG=1",
				);
				GCC_WARN_64_TO_32_BIT_CONVERSION = YES;
				GCC_WARN_ABOUT_RETURN_TYPE = YES_ERROR;
				GCC_WARN_UNDECLARED_SELECTOR = YES;
				GCC_WARN_UNINITIALIZED_AUTOS = YES_AGGRESSIVE;
				GCC_WARN_UNUSED_FUNCTION = YES;
				GCC_WARN_UNUSED_VARIABLE = YES;
				IPHONEOS_DEPLOYMENT_TARGET = 17.0;
				MTL_ENABLE_DEBUG_INFO = INCLUDE_SOURCE;
				MTL_FAST_MATH = YES;
				ONLY_ACTIVE_ARCH = YES;
				PRODUCT_NAME = "$(TARGET_NAME)";
				SDKROOT = iphoneos;
				SWIFT_ACTIVE_COMPILATION_CONDITIONS = DEBUG;
				SWIFT_OPTIMIZATION_LEVEL = "-Onone";
				SWIFT_VERSION = 5.0;
			};
			name = Debug;
		};
		F4549DEEFF4DCE0A800F9273 /* Release */ = {
			isa = XCBuildConfiguration;
			buildSettings = {
				ALWAYS_SEARCH_USER_PATHS = NO;
				CLANG_ANALYZER_NONNULL = YES;
				CLANG_ANALYZER_NUMBER_OBJECT_CONVERSION = YES_AGGRESSIVE;
				CLANG_CXX_LANGUAGE_STANDARD = "gnu++14";
				CLANG_CXX_LIBRARY = "libc++";
				CLANG_ENABLE_MODULES = YES;
				CLANG_ENABLE_OBJC_ARC = YES;
				CLANG_ENABLE_OBJC_WEAK = YES;
				CLANG_WARN_BLOCK_CAPTURE_AUTORELEASING = YES;
				CLANG_WARN_BOOL_CONVERSION = YES;
				CLANG_WARN_COMMA = YES;
				CLANG_WARN_CONSTANT_CONVERSION = YES;
				CLANG_WARN_DEPRECATED_OBJC_IMPLEMENTATIONS = YES;
				CLANG_WARN_DIRECT_OBJC_ISA_USAGE = YES_ERROR;
				CLANG_WARN_DOCUMENTATION_COMMENTS = YES;
				CLANG_WARN_EMPTY_BODY = YES;
				CLANG_WARN_ENUM_CONVERSION = YES;
				CLANG_WARN_INFINITE_RECURSION = YES;
				CLANG_WARN_INT_CONVERSION = YES;
				CLANG_WARN_NON_LITERAL_NULL_CONVERSION = YES;
				CLANG_WARN_OBJC_IMPLICIT_RETAIN_SELF = YES;
				CLANG_WARN_OBJC_LITERAL_CONVERSION = YES;
				CLANG_WARN_OBJC_ROOT_CLASS = YES_ERROR;
				CLANG_WARN_QUOTED_INCLUDE_IN_FRAMEWORK_HEADER = YES;
				CLANG_WARN_RANGE_LOOP_ANALYSIS = YES;
				CLANG_WARN_STRICT_PROTOTYPES = YES;
				CLANG_WARN_SUSPICIOUS_MOVE = YES;
				CLANG_WARN_UNGUARDED_AVAILABILITY = YES_AGGRESSIVE;
				CLANG_WARN_UNREACHABLE_CODE = YES;
				CLANG_WARN__DUPLICATE_METHOD_MATCH = YES;
				COPY_PHASE_STRIP = NO;
				DEBUG_INFORMATION_FORMAT = "dwarf-with-dsym";
				ENABLE_NS_ASSERTIONS = NO;
				ENABLE_STRICT_OBJC_MSGSEND = YES;
				GCC_C_LANGUAGE_STANDARD = gnu11;
				GCC_NO_COMMON_BLOCKS = YES;
				GCC_WARN_64_TO_32_BIT_CONVERSION = YES;
				GCC_WARN_ABOUT_RETURN_TYPE = YES_ERROR;
				GCC_WARN_UNDECLARED_SELECTOR = YES;
				GCC_WARN_UNINITIALIZED_AUTOS = YES_AGGRESSIVE;
				GCC_WARN_UNUSED_FUNCTION = YES;
				GCC_WARN_UNUSED_VARIABLE = YES;
				IPHONEOS_DEPLOYMENT_TARGET = 17.0;
				MTL_ENABLE_DEBUG_INFO = NO;
				MTL_FAST_MATH = YES;
				PRODUCT_NAME = "$(TARGET_NAME)";
				SDKROOT = iphoneos;
				SWIFT_COMPILATION_MODE = wholemodule;
				SWIFT_OPTIMIZATION_LEVEL = "-O";
				SWIFT_VERSION = 5.0;
			};
			name = Release;
		};
		F5B702F8027C117C339D83A0 /* Release */ = {
			isa = XCBuildConfiguration;
			buildSettings = {
				ASSETCATALOG_COMPILER_APPICON_NAME = AppIcon;
				CODE_SIGN_IDENTITY = "iPhone Developer";
				GENERATE_INFOPLIST_FILE = NO;
				INFOPLIST_FILE = CardsiOS/Info.plist;
				LD_RUNPATH_SEARCH_PATHS = (
					"$(inherited)",
					"@executable_path/Frameworks",
				);
				PRODUCT_BUNDLE_IDENTIFIER = com.jakkuazzo.cardsios;
				SDKROOT = iphoneos;
				SWIFT_VERSION = 5.0;
				TARGETED_DEVICE_FAMILY = "1,2";
			};
			name = Release;
		};
/* End XCBuildConfiguration section */

/* Begin XCConfigurationList section */
		37A19E10DB29EE22AF6E1BF5 /* Build configuration list for PBXProject "CardsiOS" */ = {
			isa = XCConfigurationList;
			buildConfigurations = (
				CAB4324245A272D4745B3A54 /* Debug */,
				F4549DEEFF4DCE0A800F9273 /* Release */,
			);
			defaultConfigurationIsVisible = 0;
			defaultConfigurationName = Debug;
		};
		B840EA2869EE6ECC404B0EDE /* Build configuration list for PBXNativeTarget "CardsiOSTests" */ = {
			isa = XCConfigurationList;
			buildConfigurations = (
				02906BB7EAC4FB582675F9F3 /* Debug */,
				09B7619A23A501C34F325148 /* Release */,
			);
			defaultConfigurationIsVisible = 0;
			defaultConfigurationName = Debug;
		};
		DE06A053D8A34118646BE58B /* Build configuration list for PBXNativeTarget "CardsiOS" */ = {
			isa = XCConfigurationList;
			buildConfigurations = (
				BDE015FCE5D47EEAD7453EB6 /* Debug */,
				F5B702F8027C117C339D83A0 /* Release */,
			);
			defaultConfigurationIsVisible = 0;
			defaultConfigurationName = Debug;
		};
/* End XCConfigurationList section */
	};
	rootObject = 8357D2B2D8BFE1F456F3A8D2 /* Project object */;
}
